
Microsoft Visual Studio Solution File, Format Version 12.00
# Visual Studio Version 16
VisualStudioVersion = 16.0.29519.181
MinimumVisualStudioVersion = 10.0.40219.1
Project("{FAE04EC0-301F-11D3-BF4B-00C04F79EFBC}") = "WeatherForecastExtensionWithBlazor", "WeatherForecastExtensionWithBlazor\WeatherForecastExtensionWithBlazor.csproj", "{895C5023-B39F-415A-AD0C-821FB5423847}"
EndProject
Global
	GlobalSection(SolutionConfigurationPlatforms) = preSolution
		Debug|Any CPU = Debug|Any CPU
		Release|Any CPU = Release|Any CPU
	EndGlobalSection
	GlobalSection(ProjectConfigurationPlatforms) = postSolution
		{895C5023-B39F-415A-AD0C-821FB5423847}.Debug|Any CPU.ActiveCfg = Debug|Any CPU
		{895C5023-B39F-415A-AD0C-821FB5423847}.Debug|Any CPU.Build.0 = Debug|Any CPU
		{895C5023-B39F-415A-AD0C-821FB5423847}.Release|Any CPU.ActiveCfg = Release|Any CPU
		{895C5023-B39F-415A-AD0C-821FB5423847}.Release|Any CPU.Build.0 = Release|Any CPU
	EndGlobalSection
	GlobalSection(SolutionProperties) = preSolution
		HideSolutionNode = FALSE
	EndGlobalSection
	GlobalSection(ExtensibilityGlobals) = postSolution
		SolutionGuid = {6FE7A296-56BF-4FD0-BFC3-21122397BCE8}
	EndGlobalSection
EndGlobal
